lockfileVersion: '6.0'

settings:
  autoInstallPeers: true
  excludeLinksFromLockfile: false

dependencies:
  '@types/geojson':
    specifier: ^7946.0.14
    version: 7946.0.14
  '@types/papaparse':
    specifier: ^5.3.14
    version: 5.3.14
  hull.js:
    specifier: ^1.0.5
    version: 1.0.5
  install:
    specifier: ^0.13.0
    version: 0.13.0
  leaflet:
    specifier: ^1.9.4
    version: 1.9.4
  mapshaper:
    specifier: ^0.6.74
    version: 0.6.74(@types/geojson@7946.0.14)
  papaparse:
    specifier: ^5.4.1
    version: 5.4.1

devDependencies:
  '@types/hull.js':
    specifier: ^1.0.4
    version: 1.0.4
  '@types/leaflet':
    specifier: ^1.9.8
    version: 1.9.8
  onchange:
    specifier: ^7.1.0
    version: 7.1.0
  prettier:
    specifier: ^3.2.5
    version: 3.2.5
  typescript:
    specifier: ^5.4.2
    version: 5.4.2
  vite:
    specifier: ^5.1.6
    version: 5.1.6

packages:
  /@blakeembrey/deque@1.0.5:
    resolution:
      {
        integrity: sha512-6xnwtvp9DY1EINIKdTfvfeAtCYw4OqBZJhtiqkT3ivjnEfa25VQ3TsKvaFfKm8MyGIEfE95qLe+bNEt3nB0Ylg==,
      }
    dev: true

  /@blakeembrey/template@1.1.0:
    resolution:
      {
        integrity: sha512-iZf+UWfL+DogJVpd/xMQyP6X6McYd6ArdYoPMiv/zlOTzeXXfQbYxBNJJBF6tThvsjLMbA8tLjkCdm9RWMFCCw==,
      }
    dev: true

  /@esbuild/aix-ppc64@0.19.12:
    resolution:
      {
        integrity: sha512-bmoCYyWdEL3wDQIVbcyzRyeKLgk2WtWLTWz1ZIAZF/EGbNOwSA6ew3PftJ1PqMiOOGu0OyFMzG53L0zqIpPeNA==,
      }
    engines: { node: '>=12' }
    cpu: [ppc64]
    os: [aix]
    requiresBuild: true
    dev: true
    optional: true

  /@esbuild/android-arm64@0.19.12:
    resolution:
      {
        integrity: sha512-P0UVNGIienjZv3f5zq0DP3Nt2IE/3plFzuaS96vihvD0Hd6H/q4WXUGpCxD/E8YrSXfNyRPbpTq+T8ZQioSuPA==,
      }
    engines: { node: '>=12' }
    cpu: [arm64]
    os: [android]
    requiresBuild: true
    dev: true
    optional: true

  /@esbuild/android-arm@0.19.12:
    resolution:
      {
        integrity: sha512-qg/Lj1mu3CdQlDEEiWrlC4eaPZ1KztwGJ9B6J+/6G+/4ewxJg7gqj8eVYWvao1bXrqGiW2rsBZFSX3q2lcW05w==,
      }
    engines: { node: '>=12' }
    cpu: [arm]
    os: [android]
    requiresBuild: true
    dev: true
    optional: true

  /@esbuild/android-x64@0.19.12:
    resolution:
      {
        integrity: sha512-3k7ZoUW6Q6YqhdhIaq/WZ7HwBpnFBlW905Fa4s4qWJyiNOgT1dOqDiVAQFwBH7gBRZr17gLrlFCRzF6jFh7Kew==,
      }
    engines: { node: '>=12' }
    cpu: [x64]
    os: [android]
    requiresBuild: true
    dev: true
    optional: true

  /@esbuild/darwin-arm64@0.19.12:
    resolution:
      {
        integrity: sha512-B6IeSgZgtEzGC42jsI+YYu9Z3HKRxp8ZT3cqhvliEHovq8HSX2YX8lNocDn79gCKJXOSaEot9MVYky7AKjCs8g==,
      }
    engines: { node: '>=12' }
    cpu: [arm64]
    os: [darwin]
    requiresBuild: true
    dev: true
    optional: true

  /@esbuild/darwin-x64@0.19.12:
    resolution:
      {
        integrity: sha512-hKoVkKzFiToTgn+41qGhsUJXFlIjxI/jSYeZf3ugemDYZldIXIxhvwN6erJGlX4t5h417iFuheZ7l+YVn05N3A==,
      }
    engines: { node: '>=12' }
    cpu: [x64]
    os: [darwin]
    requiresBuild: true
    dev: true
    optional: true

  /@esbuild/freebsd-arm64@0.19.12:
    resolution:
      {
        integrity: sha512-4aRvFIXmwAcDBw9AueDQ2YnGmz5L6obe5kmPT8Vd+/+x/JMVKCgdcRwH6APrbpNXsPz+K653Qg8HB/oXvXVukA==,
      }
    engines: { node: '>=12' }
    cpu: [arm64]
    os: [freebsd]
    requiresBuild: true
    dev: true
    optional: true

  /@esbuild/freebsd-x64@0.19.12:
    resolution:
      {
        integrity: sha512-EYoXZ4d8xtBoVN7CEwWY2IN4ho76xjYXqSXMNccFSx2lgqOG/1TBPW0yPx1bJZk94qu3tX0fycJeeQsKovA8gg==,
      }
    engines: { node: '>=12' }
    cpu: [x64]
    os: [freebsd]
    requiresBuild: true
    dev: true
    optional: true

  /@esbuild/linux-arm64@0.19.12:
    resolution:
      {
        integrity: sha512-EoTjyYyLuVPfdPLsGVVVC8a0p1BFFvtpQDB/YLEhaXyf/5bczaGeN15QkR+O4S5LeJ92Tqotve7i1jn35qwvdA==,
      }
    engines: { node: '>=12' }
    cpu: [arm64]
    os: [linux]
    requiresBuild: true
    dev: true
    optional: true

  /@esbuild/linux-arm@0.19.12:
    resolution:
      {
        integrity: sha512-J5jPms//KhSNv+LO1S1TX1UWp1ucM6N6XuL6ITdKWElCu8wXP72l9MM0zDTzzeikVyqFE6U8YAV9/tFyj0ti+w==,
      }
    engines: { node: '>=12' }
    cpu: [arm]
    os: [linux]
    requiresBuild: true
    dev: true
    optional: true

  /@esbuild/linux-ia32@0.19.12:
    resolution:
      {
        integrity: sha512-Thsa42rrP1+UIGaWz47uydHSBOgTUnwBwNq59khgIwktK6x60Hivfbux9iNR0eHCHzOLjLMLfUMLCypBkZXMHA==,
      }
    engines: { node: '>=12' }
    cpu: [ia32]
    os: [linux]
    requiresBuild: true
    dev: true
    optional: true

  /@esbuild/linux-loong64@0.19.12:
    resolution:
      {
        integrity: sha512-LiXdXA0s3IqRRjm6rV6XaWATScKAXjI4R4LoDlvO7+yQqFdlr1Bax62sRwkVvRIrwXxvtYEHHI4dm50jAXkuAA==,
      }
    engines: { node: '>=12' }
    cpu: [loong64]
    os: [linux]
    requiresBuild: true
    dev: true
    optional: true

  /@esbuild/linux-mips64el@0.19.12:
    resolution:
      {
        integrity: sha512-fEnAuj5VGTanfJ07ff0gOA6IPsvrVHLVb6Lyd1g2/ed67oU1eFzL0r9WL7ZzscD+/N6i3dWumGE1Un4f7Amf+w==,
      }
    engines: { node: '>=12' }
    cpu: [mips64el]
    os: [linux]
    requiresBuild: true
    dev: true
    optional: true

  /@esbuild/linux-ppc64@0.19.12:
    resolution:
      {
        integrity: sha512-nYJA2/QPimDQOh1rKWedNOe3Gfc8PabU7HT3iXWtNUbRzXS9+vgB0Fjaqr//XNbd82mCxHzik2qotuI89cfixg==,
      }
    engines: { node: '>=12' }
    cpu: [ppc64]
    os: [linux]
    requiresBuild: true
    dev: true
    optional: true

  /@esbuild/linux-riscv64@0.19.12:
    resolution:
      {
        integrity: sha512-2MueBrlPQCw5dVJJpQdUYgeqIzDQgw3QtiAHUC4RBz9FXPrskyyU3VI1hw7C0BSKB9OduwSJ79FTCqtGMWqJHg==,
      }
    engines: { node: '>=12' }
    cpu: [riscv64]
    os: [linux]
    requiresBuild: true
    dev: true
    optional: true

  /@esbuild/linux-s390x@0.19.12:
    resolution:
      {
        integrity: sha512-+Pil1Nv3Umes4m3AZKqA2anfhJiVmNCYkPchwFJNEJN5QxmTs1uzyy4TvmDrCRNT2ApwSari7ZIgrPeUx4UZDg==,
      }
    engines: { node: '>=12' }
    cpu: [s390x]
    os: [linux]
    requiresBuild: true
    dev: true
    optional: true

  /@esbuild/linux-x64@0.19.12:
    resolution:
      {
        integrity: sha512-B71g1QpxfwBvNrfyJdVDexenDIt1CiDN1TIXLbhOw0KhJzE78KIFGX6OJ9MrtC0oOqMWf+0xop4qEU8JrJTwCg==,
      }
    engines: { node: '>=12' }
    cpu: [x64]
    os: [linux]
    requiresBuild: true
    dev: true
    optional: true

  /@esbuild/netbsd-x64@0.19.12:
    resolution:
      {
        integrity: sha512-3ltjQ7n1owJgFbuC61Oj++XhtzmymoCihNFgT84UAmJnxJfm4sYCiSLTXZtE00VWYpPMYc+ZQmB6xbSdVh0JWA==,
      }
    engines: { node: '>=12' }
    cpu: [x64]
    os: [netbsd]
    requiresBuild: true
    dev: true
    optional: true

  /@esbuild/openbsd-x64@0.19.12:
    resolution:
      {
        integrity: sha512-RbrfTB9SWsr0kWmb9srfF+L933uMDdu9BIzdA7os2t0TXhCRjrQyCeOt6wVxr79CKD4c+p+YhCj31HBkYcXebw==,
      }
    engines: { node: '>=12' }
    cpu: [x64]
    os: [openbsd]
    requiresBuild: true
    dev: true
    optional: true

  /@esbuild/sunos-x64@0.19.12:
    resolution:
      {
        integrity: sha512-HKjJwRrW8uWtCQnQOz9qcU3mUZhTUQvi56Q8DPTLLB+DawoiQdjsYq+j+D3s9I8VFtDr+F9CjgXKKC4ss89IeA==,
      }
    engines: { node: '>=12' }
    cpu: [x64]
    os: [sunos]
    requiresBuild: true
    dev: true
    optional: true

  /@esbuild/win32-arm64@0.19.12:
    resolution:
      {
        integrity: sha512-URgtR1dJnmGvX864pn1B2YUYNzjmXkuJOIqG2HdU62MVS4EHpU2946OZoTMnRUHklGtJdJZ33QfzdjGACXhn1A==,
      }
    engines: { node: '>=12' }
    cpu: [arm64]
    os: [win32]
    requiresBuild: true
    dev: true
    optional: true

  /@esbuild/win32-ia32@0.19.12:
    resolution:
      {
        integrity: sha512-+ZOE6pUkMOJfmxmBZElNOx72NKpIa/HFOMGzu8fqzQJ5kgf6aTGrcJaFsNiVMH4JKpMipyK+7k0n2UXN7a8YKQ==,
      }
    engines: { node: '>=12' }
    cpu: [ia32]
    os: [win32]
    requiresBuild: true
    dev: true
    optional: true

  /@esbuild/win32-x64@0.19.12:
    resolution:
      {
        integrity: sha512-T1QyPSDCyMXaO3pzBkF96E8xMkiRYbUEZADd29SyPGabqxMViNoii+NcK7eWJAEoU6RZyEm5lVSIjTmcdoB9HA==,
      }
    engines: { node: '>=12' }
    cpu: [x64]
    os: [win32]
    requiresBuild: true
    dev: true
    optional: true

  /@msgpackr-extract/msgpackr-extract-darwin-arm64@3.0.2:
    resolution:
      {
        integrity: sha512-9bfjwDxIDWmmOKusUcqdS4Rw+SETlp9Dy39Xui9BEGEk19dDwH0jhipwFzEff/pFg95NKymc6TOTbRKcWeRqyQ==,
      }
    cpu: [arm64]
    os: [darwin]
    requiresBuild: true
    dev: false
    optional: true

  /@msgpackr-extract/msgpackr-extract-darwin-x64@3.0.2:
    resolution:
      {
        integrity: sha512-lwriRAHm1Yg4iDf23Oxm9n/t5Zpw1lVnxYU3HnJPTi2lJRkKTrps1KVgvL6m7WvmhYVt/FIsssWay+k45QHeuw==,
      }
    cpu: [x64]
    os: [darwin]
    requiresBuild: true
    dev: false
    optional: true

  /@msgpackr-extract/msgpackr-extract-linux-arm64@3.0.2:
    resolution:
      {
        integrity: sha512-FU20Bo66/f7He9Fp9sP2zaJ1Q8L9uLPZQDub/WlUip78JlPeMbVL8546HbZfcW9LNciEXc8d+tThSJjSC+tmsg==,
      }
    cpu: [arm64]
    os: [linux]
    requiresBuild: true
    dev: false
    optional: true

  /@msgpackr-extract/msgpackr-extract-linux-arm@3.0.2:
    resolution:
      {
        integrity: sha512-MOI9Dlfrpi2Cuc7i5dXdxPbFIgbDBGgKR5F2yWEa6FVEtSWncfVNKW5AKjImAQ6CZlBK9tympdsZJ2xThBiWWA==,
      }
    cpu: [arm]
    os: [linux]
    requiresBuild: true
    dev: false
    optional: true

  /@msgpackr-extract/msgpackr-extract-linux-x64@3.0.2:
    resolution:
      {
        integrity: sha512-gsWNDCklNy7Ajk0vBBf9jEx04RUxuDQfBse918Ww+Qb9HCPoGzS+XJTLe96iN3BVK7grnLiYghP/M4L8VsaHeA==,
      }
    cpu: [x64]
    os: [linux]
    requiresBuild: true
    dev: false
    optional: true

  /@msgpackr-extract/msgpackr-extract-win32-x64@3.0.2:
    resolution:
      {
        integrity: sha512-O+6Gs8UeDbyFpbSh2CPEz/UOrrdWPTBYNblZK5CxxLisYt4kGX3Sc+czffFonyjiGSq3jWLwJS/CCJc7tBr4sQ==,
      }
    cpu: [x64]
    os: [win32]
    requiresBuild: true
    dev: false
    optional: true

  /@placemarkio/tokml@0.3.3:
    resolution:
      {
        integrity: sha512-Y6lprxpPfDxLoUyeNcI/vfxMkeWlTjNFvh73zlxfQtZ8TWIj+rmPY99l5wNFVkHQOAwCzLaBXyxULpbtaMGyHQ==,
      }
    dev: false

  /@rollup/rollup-android-arm-eabi@4.13.0:
    resolution:
      {
        integrity: sha512-5ZYPOuaAqEH/W3gYsRkxQATBW3Ii1MfaT4EQstTnLKViLi2gLSQmlmtTpGucNP3sXEpOiI5tdGhjdE111ekyEg==,
      }
    cpu: [arm]
    os: [android]
    requiresBuild: true
    dev: true
    optional: true

  /@rollup/rollup-android-arm64@4.13.0:
    resolution:
      {
        integrity: sha512-BSbaCmn8ZadK3UAQdlauSvtaJjhlDEjS5hEVVIN3A4bbl3X+otyf/kOJV08bYiRxfejP3DXFzO2jz3G20107+Q==,
      }
    cpu: [arm64]
    os: [android]
    requiresBuild: true
    dev: true
    optional: true

  /@rollup/rollup-darwin-arm64@4.13.0:
    resolution:
      {
        integrity: sha512-Ovf2evVaP6sW5Ut0GHyUSOqA6tVKfrTHddtmxGQc1CTQa1Cw3/KMCDEEICZBbyppcwnhMwcDce9ZRxdWRpVd6g==,
      }
    cpu: [arm64]
    os: [darwin]
    requiresBuild: true
    dev: true
    optional: true

  /@rollup/rollup-darwin-x64@4.13.0:
    resolution:
      {
        integrity: sha512-U+Jcxm89UTK592vZ2J9st9ajRv/hrwHdnvyuJpa5A2ngGSVHypigidkQJP+YiGL6JODiUeMzkqQzbCG3At81Gg==,
      }
    cpu: [x64]
    os: [darwin]
    requiresBuild: true
    dev: true
    optional: true

  /@rollup/rollup-linux-arm-gnueabihf@4.13.0:
    resolution:
      {
        integrity: sha512-8wZidaUJUTIR5T4vRS22VkSMOVooG0F4N+JSwQXWSRiC6yfEsFMLTYRFHvby5mFFuExHa/yAp9juSphQQJAijQ==,
      }
    cpu: [arm]
    os: [linux]
    requiresBuild: true
    dev: true
    optional: true

  /@rollup/rollup-linux-arm64-gnu@4.13.0:
    resolution:
      {
        integrity: sha512-Iu0Kno1vrD7zHQDxOmvweqLkAzjxEVqNhUIXBsZ8hu8Oak7/5VTPrxOEZXYC1nmrBVJp0ZcL2E7lSuuOVaE3+w==,
      }
    cpu: [arm64]
    os: [linux]
    requiresBuild: true
    dev: true
    optional: true

  /@rollup/rollup-linux-arm64-musl@4.13.0:
    resolution:
      {
        integrity: sha512-C31QrW47llgVyrRjIwiOwsHFcaIwmkKi3PCroQY5aVq4H0A5v/vVVAtFsI1nfBngtoRpeREvZOkIhmRwUKkAdw==,
      }
    cpu: [arm64]
    os: [linux]
    requiresBuild: true
    dev: true
    optional: true

  /@rollup/rollup-linux-riscv64-gnu@4.13.0:
    resolution:
      {
        integrity: sha512-Oq90dtMHvthFOPMl7pt7KmxzX7E71AfyIhh+cPhLY9oko97Zf2C9tt/XJD4RgxhaGeAraAXDtqxvKE1y/j35lA==,
      }
    cpu: [riscv64]
    os: [linux]
    requiresBuild: true
    dev: true
    optional: true

  /@rollup/rollup-linux-x64-gnu@4.13.0:
    resolution:
      {
        integrity: sha512-yUD/8wMffnTKuiIsl6xU+4IA8UNhQ/f1sAnQebmE/lyQ8abjsVyDkyRkWop0kdMhKMprpNIhPmYlCxgHrPoXoA==,
      }
    cpu: [x64]
    os: [linux]
    requiresBuild: true
    dev: true
    optional: true

  /@rollup/rollup-linux-x64-musl@4.13.0:
    resolution:
      {
        integrity: sha512-9RyNqoFNdF0vu/qqX63fKotBh43fJQeYC98hCaf89DYQpv+xu0D8QFSOS0biA7cGuqJFOc1bJ+m2rhhsKcw1hw==,
      }
    cpu: [x64]
    os: [linux]
    requiresBuild: true
    dev: true
    optional: true

  /@rollup/rollup-win32-arm64-msvc@4.13.0:
    resolution:
      {
        integrity: sha512-46ue8ymtm/5PUU6pCvjlic0z82qWkxv54GTJZgHrQUuZnVH+tvvSP0LsozIDsCBFO4VjJ13N68wqrKSeScUKdA==,
      }
    cpu: [arm64]
    os: [win32]
    requiresBuild: true
    dev: true
    optional: true

  /@rollup/rollup-win32-ia32-msvc@4.13.0:
    resolution:
      {
        integrity: sha512-P5/MqLdLSlqxbeuJ3YDeX37srC8mCflSyTrUsgbU1c/U9j6l2g2GiIdYaGD9QjdMQPMSgYm7hgg0551wHyIluw==,
      }
    cpu: [ia32]
    os: [win32]
    requiresBuild: true
    dev: true
    optional: true

  /@rollup/rollup-win32-x64-msvc@4.13.0:
    resolution:
      {
        integrity: sha512-UKXUQNbO3DOhzLRwHSpa0HnhhCgNODvfoPWv2FCXme8N/ANFfhIPMGuOT+QuKd16+B5yxZ0HdpNlqPvTMS1qfw==,
      }
    cpu: [x64]
    os: [win32]
    requiresBuild: true
    dev: true
    optional: true

  /@tmcw/togeojson@5.8.1(@types/geojson@7946.0.14):
    resolution:
      {
        integrity: sha512-2YNrbis3l5kS0XrYwiHEZcGwiRp0MJ5CvwGwtMWp2z2tsVlskeec2qgvKHnF0RCwI5GnjrrBOoKsWfndEnd3LA==,
      }
    peerDependencies:
      '@types/geojson': '*'
    dependencies:
      '@types/geojson': 7946.0.14
    dev: false

  /@types/concat-stream@1.6.1:
    resolution:
      {
        integrity: sha512-eHE4cQPoj6ngxBZMvVf6Hw7Mh4jMW4U9lpGmS5GBPB9RYxlFg+CHaVN7ErNY4W9XfLIEn20b4VDYaIrbq0q4uA==,
      }
    dependencies:
      '@types/node': 20.11.28
    dev: false

  /@types/estree@1.0.5:
    resolution:
      {
        integrity: sha512-/kYRxGDLWzHOB7q+wtSUQlFrtcdUccpfy+X+9iMBpHK8QLLhx2wIPYuS5DYtR9Wa/YlZAbIovy7qVdB1Aq6Lyw==,
      }
    dev: true

  /@types/form-data@0.0.33:
    resolution:
      {
        integrity: sha512-8BSvG1kGm83cyJITQMZSulnl6QV8jqAGreJsc5tPu1Jq0vTSOiY/k24Wx82JRpWwZSqrala6sd5rWi6aNXvqcw==,
      }
    dependencies:
      '@types/node': 20.11.28
    dev: false

  /@types/geojson@7946.0.14:
    resolution:
      {
        integrity: sha512-WCfD5Ht3ZesJUsONdhvm84dmzWOiOzOAqOncN0++w0lBw1o8OuDNJF2McvvCef/yBqb/HYRahp1BYtODFQ8bRg==,
      }

  /@types/hull.js@1.0.4:
    resolution:
      {
        integrity: sha512-4eMDYQSFROPgbExE7btF37tCeXnGrMEPo0S2Ul00XIgWnxTLZGlJTSme42phtNpIBKVgbD/U1DWzVnMBhB9tUQ==,
      }
    dev: true

  /@types/leaflet@1.9.8:
    resolution:
      {
        integrity: sha512-EXdsL4EhoUtGm2GC2ZYtXn+Fzc6pluVgagvo2VC1RHWToLGlTRwVYoDpqS/7QXa01rmDyBjJk3Catpf60VMkwg==,
      }
    dependencies:
      '@types/geojson': 7946.0.14
    dev: true

  /@types/node@10.17.60:
    resolution:
      {
        integrity: sha512-F0KIgDJfy2nA3zMLmWGKxcH2ZVEtCZXHHdOQs2gSaQ27+lNeEfGxzkIw90aXswATX7AZ33tahPbzy6KAfUreVw==,
      }
    dev: false

  /@types/node@20.11.28:
    resolution:
      {
        integrity: sha512-M/GPWVS2wLkSkNHVeLkrF2fD5Lx5UC4PxA0uZcKc6QqbIQUJyW1jVjueJYi1z8n0I5PxYrtpnPnWglE+y9A0KA==,
      }
    dependencies:
      undici-types: 5.26.5
    dev: false

  /@types/node@7.10.14:
    resolution:
      {
        integrity: sha512-29GS75BE8asnTno3yB6ubOJOO0FboExEqNJy4bpz0GSmW/8wPTNL4h9h63c6s1uTrOopCmJYe/4yJLh5r92ZUA==,
      }
    dev: false

  /@types/node@8.10.66:
    resolution:
      {
        integrity: sha512-tktOkFUA4kXx2hhhrB8bIFb5TbwzS4uOhKEmwiD+NoiL0qtP2OQ9mFldbgD4dV1djrlBYP6eBuQZiWjuHUpqFw==,
      }
    dev: false

  /@types/papaparse@5.3.14:
    resolution:
      {
        integrity: sha512-LxJ4iEFcpqc6METwp9f6BV6VVc43m6MfH0VqFosHvrUgfXiFe6ww7R3itkOQ+TCK6Y+Iv/+RnnvtRZnkc5Kc9g==,
      }
    dependencies:
      '@types/node': 20.11.28
    dev: false

  /@types/qs@6.9.13:
    resolution:
      {
        integrity: sha512-iLR+1vTTJ3p0QaOUq6ACbY1mzKTODFDT/XedZI8BksOotFmL4ForwDfRQ/DZeuTHR7/2i4lI1D203gdfxuqTlA==,
      }
    dev: false

  /@xmldom/xmldom@0.8.10:
    resolution:
      {
        integrity: sha512-2WALfTl4xo2SkGCYRt6rDTFfk9R1czmBvUQy12gK2KuRKIpWEhcbbzy8EZXtz/jkRqHX8bFEc6FC1HjX4TUWYw==,
      }
    engines: { node: '>=10.0.0' }
    dev: false

  /adm-zip@0.5.12:
    resolution:
      {
        integrity: sha512-6TVU49mK6KZb4qG6xWaaM4C7sA/sgUMLy/JYMOzkcp3BvVLpW0fXDFQiIzAuxFCt/2+xD7fNIiPFAoLZPhVNLQ==,
      }
    engines: { node: '>=6.0' }
    dev: false

  /anymatch@3.1.3:
    resolution:
      {
        integrity: sha512-KMReFUr0B4t+D+OBkjR3KYqvocp2XaSzO55UcB6mgQMd3KbcE+mWTyvVV7D/zsdEbNnV6acZUutkiHQXvTr1Rw==,
      }
    engines: { node: '>= 8' }
    dependencies:
      normalize-path: 3.0.0
      picomatch: 2.3.1
    dev: true

  /arg@4.1.3:
    resolution:
      {
        integrity: sha512-58S9QDqG0Xx27YwPSt9fJxivjYl432YCwfDMfZ+71RAqUrZef7LrKQZ3LHLOwCS4FLNBplP533Zx895SeOCHvA==,
      }
    dev: true

  /asap@2.0.6:
    resolution:
      {
        integrity: sha512-BSHWgDSAiKs50o2Re8ppvp3seVHXSRM44cdSsT9FfNEUUZLOGWVCsiWaRPWM1Znn+mqZ1OfVZ3z3DWEzSp7hRA==,
      }
    dev: false

  /asynckit@0.4.0:
    resolution:
      {
        integrity: sha512-Oei9OH4tRh0YqU3GxhX79dM/mwVgvbZJaSNaRk+bshkj0S5cfHcgYakreBjrHwatXKbz+IoIdYLxrKim2MjW0Q==,
      }
    dev: false

  /binary-extensions@2.3.0:
    resolution:
      {
        integrity: sha512-Ceh+7ox5qe7LJuLHoY0feh3pHuUDHAcRUeyL2VYghZwfpkNIy/+8Ocg0a3UuSoYzavmylwuLWQOf3hl0jjMMIw==,
      }
    engines: { node: '>=8' }
    dev: true

  /braces@3.0.2:
    resolution:
      {
        integrity: sha512-b8um+L1RzM3WDSzvhm6gIz1yfTbBt6YTlcEKAvsmqCZZFw46z626lVj9j1yEPW33H5H+lBQpZMP1k8l+78Ha0A==,
      }
    engines: { node: '>=8' }
    dependencies:
      fill-range: 7.0.1
    dev: true

  /buffer-from@1.1.2:
    resolution:
      {
        integrity: sha512-E+XQCRwSbaaiChtv6k6Dwgc+bx+Bs6vuKJHHl5kox/BaKbhiXzqQOwK4cO22yElGp2OCmjwVhT3HmxgyPGnJfQ==,
      }
    dev: false

  /call-bind@1.0.7:
    resolution:
      {
        integrity: sha512-GHTSNSYICQ7scH7sZ+M2rFopRoLh8t2bLSW6BbgrtLsahOIB5iyAVJf9GjWK3cYTDaMj4XdBpM1cA6pIS0Kv2w==,
      }
    engines: { node: '>= 0.4' }
    dependencies:
      es-define-property: 1.0.0
      es-errors: 1.3.0
      function-bind: 1.1.2
      get-intrinsic: 1.2.4
      set-function-length: 1.2.2
    dev: false

  /caseless@0.12.0:
    resolution:
      {
        integrity: sha512-4tYFyifaFfGacoiObjJegolkwSU4xQNGbVgUiNYVUxbQ2x2lUsFvY4hVgVzGiIe6WLOPqycWXA40l+PWsxthUw==,
      }
    dev: false

  /chokidar@3.6.0:
    resolution:
      {
        integrity: sha512-7VT13fmjotKpGipCW9JEQAusEPE+Ei8nl6/g4FBAmIm0GOOLMua9NDDo/DWp0ZAxCr3cPq5ZpBqmPAQgDda2Pw==,
      }
    engines: { node: '>= 8.10.0' }
    dependencies:
      anymatch: 3.1.3
      braces: 3.0.2
      glob-parent: 5.1.2
      is-binary-path: 2.1.0
      is-glob: 4.0.3
      normalize-path: 3.0.0
      readdirp: 3.6.0
    optionalDependencies:
      fsevents: 2.3.3
    dev: true

  /combined-stream@1.0.8:
    resolution:
      {
        integrity: sha512-FQN4MRfuJeHf7cBbBMJFXhKSDq+2kAArBlmRBvcvFE5BB1HZKXtSFASDhdlz9zOYwxh8lDdnvmMOe/+5cdoEdg==,
      }
    engines: { node: '>= 0.8' }
    dependencies:
      delayed-stream: 1.0.0
    dev: false

  /commander@7.0.0:
    resolution:
      {
        integrity: sha512-ovx/7NkTrnPuIV8sqk/GjUIIM1+iUQeqA3ye2VNpq9sVoiZsooObWlQy+OPWGI17GDaEoybuAGJm6U8yC077BA==,
      }
    engines: { node: '>= 10' }
    dev: false

  /concat-stream@1.6.2:
    resolution:
      {
        integrity: sha512-27HBghJxjiZtIk3Ycvn/4kbJk/1uZuJFfuPEns6LaEvpvG1f0hTea8lilrouyo9mVc2GWdcEZ8OLoGmSADlrCw==,
      }
    engines: { '0': node >= 0.8 }
    dependencies:
      buffer-from: 1.1.2
      inherits: 2.0.4
      readable-stream: 2.3.8
      typedarray: 0.0.6
    dev: false

  /cookies@0.8.0:
    resolution:
      {
        integrity: sha512-8aPsApQfebXnuI+537McwYsDtjVxGm8gTIzQI3FDW6t5t/DAhERxtnbEPN/8RX+uZthoz4eCOgloXaE5cYyNow==,
      }
    engines: { node: '>= 0.8' }
    dependencies:
      depd: 2.0.0
      keygrip: 1.1.0
    dev: false

  /core-util-is@1.0.3:
    resolution:
      {
        integrity: sha512-ZQBvi1DcpJ4GDqanjucZ2Hj3wEO5pZDS89BWbkcrvdxksJorwUDDZamX9ldFkp9aw2lmBDLgkObEA4DWNJ9FYQ==,
      }
    dev: false

  /cross-spawn@7.0.3:
    resolution:
      {
        integrity: sha512-iRDPJKUPVEND7dHPO8rkbOnPpyDygcDFtWjpeWNCgy8WP2rXcxXL8TskReQl6OrB2G7+UJrags1q15Fudc7G6w==,
      }
    engines: { node: '>= 8' }
    dependencies:
      path-key: 3.1.1
      shebang-command: 2.0.0
      which: 2.0.2
    dev: true

  /d3-color@3.1.0:
    resolution:
      {
        integrity: sha512-zg/chbXyeBtMQ1LbD/WSoW2DpC3I0mpmPdW+ynRTj/x2DAWYrIY7qeZIHidozwV24m4iavr15lNwIwLxRmOxhA==,
      }
    engines: { node: '>=12' }
    dev: false

  /d3-interpolate@3.0.1:
    resolution:
      {
        integrity: sha512-3bYs1rOD33uo8aqJfKP3JWPAibgw8Zm2+L9vBKEHJ2Rg+viTR7o5Mmv5mZcieN+FRYaAOWX5SJATX6k1PWz72g==,
      }
    engines: { node: '>=12' }
    dependencies:
      d3-color: 3.1.0
    dev: false

  /d3-scale-chromatic@3.0.0:
    resolution:
      {
        integrity: sha512-Lx9thtxAKrO2Pq6OO2Ua474opeziKr279P/TKZsMAhYyNDD3EnCffdbgeSYN5O7m2ByQsxtuP2CSDczNUIZ22g==,
      }
    engines: { node: '>=12' }
    dependencies:
      d3-color: 3.1.0
      d3-interpolate: 3.0.1
    dev: false

  /define-data-property@1.1.4:
    resolution:
      {
        integrity: sha512-rBMvIzlpA8v6E+SJZoo++HAYqsLrkg7MSfIinMPFhmkorw7X+dOXVJQs+QT69zGkzMyfDnIMN2Wid1+NbL3T+A==,
      }
    engines: { node: '>= 0.4' }
    dependencies:
      es-define-property: 1.0.0
      es-errors: 1.3.0
      gopd: 1.0.1
    dev: false

  /delaunator@5.0.1:
    resolution:
      {
        integrity: sha512-8nvh+XBe96aCESrGOqMp/84b13H9cdKbG5P2ejQCh4d4sK9RL4371qou9drQjMhvnPmhWl5hnmqbEE0fXr9Xnw==,
      }
    dependencies:
      robust-predicates: 3.0.2
    dev: false

  /delayed-stream@1.0.0:
    resolution:
      {
        integrity: sha512-ZySD7Nf91aLB0RxL4KGrKHBXl7Eds1DAmEdcoVawXnLD7SDhpNgtuII2aAkg7a7QS41jxPSZ17p4VdGnMHk3MQ==,
      }
    engines: { node: '>=0.4.0' }
    dev: false

  /depd@2.0.0:
    resolution:
      {
        integrity: sha512-g7nH6P6dyDioJogAAGprGpCtVImJhpPk/roCzdb3fIh61/s/nPsfR6onyMwkCAR/OlC3yBC0lESvUoQEAssIrw==,
      }
    engines: { node: '>= 0.8' }
    dev: false

  /es-define-property@1.0.0:
    resolution:
      {
        integrity: sha512-jxayLKShrEqqzJ0eumQbVhTYQM27CfT1T35+gCgDFoL82JLsXqTJ76zv6A0YLOgEnLUMvLzsDsGIrl8NFpT2gQ==,
      }
    engines: { node: '>= 0.4' }
    dependencies:
      get-intrinsic: 1.2.4
    dev: false

  /es-errors@1.3.0:
    resolution:
      {
        integrity: sha512-Zf5H2Kxt2xjTvbJvP2ZWLEICxA6j+hAmMzIlypy4xcBg1vKVnx89Wy0GbS+kf5cwCVFFzdCFh2XSCFNULS6csw==,
      }
    engines: { node: '>= 0.4' }
    dev: false

  /esbuild@0.19.12:
    resolution:
      {
        integrity: sha512-aARqgq8roFBj054KvQr5f1sFu0D65G+miZRCuJyJ0G13Zwx7vRar5Zhn2tkQNzIXcBrNVsv/8stehpj+GAjgbg==,
      }
    engines: { node: '>=12' }
    hasBin: true
    requiresBuild: true
    optionalDependencies:
      '@esbuild/aix-ppc64': 0.19.12
      '@esbuild/android-arm': 0.19.12
      '@esbuild/android-arm64': 0.19.12
      '@esbuild/android-x64': 0.19.12
      '@esbuild/darwin-arm64': 0.19.12
      '@esbuild/darwin-x64': 0.19.12
      '@esbuild/freebsd-arm64': 0.19.12
      '@esbuild/freebsd-x64': 0.19.12
      '@esbuild/linux-arm': 0.19.12
      '@esbuild/linux-arm64': 0.19.12
      '@esbuild/linux-ia32': 0.19.12
      '@esbuild/linux-loong64': 0.19.12
      '@esbuild/linux-mips64el': 0.19.12
      '@esbuild/linux-ppc64': 0.19.12
      '@esbuild/linux-riscv64': 0.19.12
      '@esbuild/linux-s390x': 0.19.12
      '@esbuild/linux-x64': 0.19.12
      '@esbuild/netbsd-x64': 0.19.12
      '@esbuild/openbsd-x64': 0.19.12
      '@esbuild/sunos-x64': 0.19.12
      '@esbuild/win32-arm64': 0.19.12
      '@esbuild/win32-ia32': 0.19.12
      '@esbuild/win32-x64': 0.19.12
    dev: true

  /fflate@0.7.4:
    resolution:
      {
        integrity: sha512-5u2V/CDW15QM1XbbgS+0DfPxVB+jUKhWEKuuFuHncbk3tEEqzmoXL+2KyOFuKGqOnmdIy0/davWF1CkuwtibCw==,
      }
    dev: false

  /fill-range@7.0.1:
    resolution:
      {
        integrity: sha512-qOo9F+dMUmC2Lcb4BbVvnKJxTPjCm+RRpe4gDuGrzkL7mEVl/djYSu2OdQ2Pa302N4oqkSg9ir6jaLWJ2USVpQ==,
      }
    engines: { node: '>=8' }
    dependencies:
      to-regex-range: 5.0.1
    dev: true

  /flatbush@3.3.1:
    resolution:
      {
        integrity: sha512-oKuPbtT+DS2CxH+9Vhbsq8HifmSCuOw+3Cy5zt/vCIrZl5KyengoTHDBLmtpZoBhcwa7/biNjgL1DwdLMJYm1A==,
      }
    dependencies:
      flatqueue: 1.2.1
    dev: false

  /flatqueue@1.2.1:
    resolution:
      {
        integrity: sha512-X86TpWS1rGuY7m382HuA9vngLeDuWA9lJvhEG+GfgKMV5onSvx5a71cl7GMbXzhWtlN9dGfqOBrpfqeOtUfGYQ==,
      }
    dev: false

  /form-data@2.5.1:
    resolution:
      {
        integrity: sha512-m21N3WOmEEURgk6B9GLOE4RuWOFf28Lhh9qGYeNlGq4VDXUlJy2th2slBNU8Gp8EzloYZOibZJ7t5ecIrFSjVA==,
      }
    engines: { node: '>= 0.12' }
    dependencies:
      asynckit: 0.4.0
      combined-stream: 1.0.8
      mime-types: 2.1.35
    dev: false

  /fsevents@2.3.3:
    resolution:
      {
        integrity: sha512-5xoDfX+fL7faATnagmWPpbFtwh/R77WmMMqqHGS65C3vvB0YHrgF+B1YmZ3441tMj5n63k0212XNoJwzlhffQw==,
      }
    engines: { node: ^8.16.0 || ^10.6.0 || >=11.0.0 }
    os: [darwin]
    requiresBuild: true
    dev: true
    optional: true

  /function-bind@1.1.2:
    resolution:
      {
        integrity: sha512-7XHNxH7qX9xG5mIwxkhumTox/MIRNcOgDrxWsMt2pAr23WHp6MrRlN7FBSFpCpr+oVO0F744iUgR82nJMfG2SA==,
      }
    dev: false

  /geographiclib@1.48.0:
    resolution:
      {
        integrity: sha512-WIpDKKj2Gu+E4jkF3f3fg7OPF6T1/35tQXKc4jLLQrwjNiTZ5KrrYF5Gp0dQ/YbJIoCjb9vs2/abWTRsCEoi2w==,
      }
    deprecated: This package has been split into geographic-geodesic + geographiclib-dms; use one or both of these instead of geographiclib.
    dev: false

  /geokdbush@1.1.0:
    resolution:
      {
        integrity: sha512-pyyrGCMXZwWJaGt1YZIgGQg5ol3JjvEKESTon10HxdfWXlaqh5An8fNJkwOYUE+VkQfCdvYQKPVezTQU9AqWAA==,
      }
    dependencies:
      tinyqueue: 1.2.3
    dev: false

  /get-intrinsic@1.2.4:
    resolution:
      {
        integrity: sha512-5uYhsJH8VJBTv7oslg4BznJYhDoRI6waYCxMmCdnTrcCrHA/fCFKoTFz2JKKE0HdDFUF7/oQuhzumXJK7paBRQ==,
      }
    engines: { node: '>= 0.4' }
    dependencies:
      es-errors: 1.3.0
      function-bind: 1.1.2
      has-proto: 1.0.3
      has-symbols: 1.0.3
      hasown: 2.0.2
    dev: false

  /get-port@3.2.0:
    resolution:
      {
        integrity: sha512-x5UJKlgeUiNT8nyo/AcnwLnZuZNcSjSw0kogRB+Whd1fjjFq4B1hySFxSFWWSn4mIBzg3sRNUDFYc4g5gjPoLg==,
      }
    engines: { node: '>=4' }
    dev: false

  /glob-parent@5.1.2:
    resolution:
      {
        integrity: sha512-AOIgSQCepiJYwP3ARnGx+5VnTu2HBYdzbGP45eLw1vr3zB3vZLeyed1sC9hnbcOc9/SrMyM5RPQrkGz4aS9Zow==,
      }
    engines: { node: '>= 6' }
    dependencies:
      is-glob: 4.0.3
    dev: true

  /gopd@1.0.1:
    resolution:
      {
        integrity: sha512-d65bNlIadxvpb/A2abVdlqKqV563juRnZ1Wtk6s1sIR8uNsXR70xqIzVqxVf1eTqDunwT2MkczEeaezCKTZhwA==,
      }
    dependencies:
      get-intrinsic: 1.2.4
    dev: false

  /has-property-descriptors@1.0.2:
    resolution:
      {
        integrity: sha512-55JNKuIW+vq4Ke1BjOTjM2YctQIvCT7GFzHwmfZPGo5wnrgkid0YQtnAleFSqumZm4az3n2BS+erby5ipJdgrg==,
      }
    dependencies:
      es-define-property: 1.0.0
    dev: false

  /has-proto@1.0.3:
    resolution:
      {
        integrity: sha512-SJ1amZAJUiZS+PhsVLf5tGydlaVB8EdFpaSO4gmiUKUOxk8qzn5AIy4ZeJUmh22znIdk/uMAUT2pl3FxzVUH+Q==,
      }
    engines: { node: '>= 0.4' }
    dev: false

  /has-symbols@1.0.3:
    resolution:
      {
        integrity: sha512-l3LCuF6MgDNwTDKkdYGEihYjt5pRPbEg46rtlmnSPlUbgmB8LOIrKJbYYFBSbnPaJexMKtiPO8hmeRjRz2Td+A==,
      }
    engines: { node: '>= 0.4' }
    dev: false

  /hasown@2.0.2:
    resolution:
      {
        integrity: sha512-0hJU9SCPvmMzIBdZFqNPXWa6dqh7WdH0cII9y+CyS8rG3nL48Bclra9HmKhVVUHyPWNH5Y7xDwAB7bfgSjkUMQ==,
      }
    engines: { node: '>= 0.4' }
    dependencies:
      function-bind: 1.1.2
    dev: false

  /http-basic@6.0.0:
    resolution:
      {
        integrity: sha512-7ScbVjuiReYe8S+OZOpNjoKGXrbhJHIrQQe7eq1TpLTJkxH8MPKvnTUzq/TNLjww1hdFQy8yUIC42wuLhCjYcQ==,
      }
    dependencies:
      '@types/concat-stream': 1.6.1
      '@types/node': 7.10.14
      caseless: 0.12.0
      concat-stream: 1.6.2
      http-response-object: 3.0.2
      parse-cache-control: 1.0.1
    dev: false

  /http-response-object@3.0.2:
    resolution:
      {
        integrity: sha512-bqX0XTF6fnXSQcEJ2Iuyr75yVakyjIDCqroJQ/aHfSdlM743Cwqoi2nDYMzLGWUcuTWGWy8AAvOKXTfiv6q9RA==,
      }
    dependencies:
      '@types/node': 10.17.60
    dev: false

  /hull.js@1.0.5:
    resolution:
      {
        integrity: sha512-Fm7zZomuKRhboSZEvvLU8jY0Byb/DC84Z5E4LUC8xH7m9ODpsDNtYqU+Wf049ThxrwjNvvq2f4Mz9eY2UTE6rg==,
      }
    dev: false

  /iconv-lite@0.6.3:
    resolution:
      {
        integrity: sha512-4fCk79wshMdzMp2rH06qWrJE4iolqLhCUH+OiuIgU++RB0+94NlDL81atO7GX55uUKueo0txHNtvEyI6D7WdMw==,
      }
    engines: { node: '>=0.10.0' }
    dependencies:
      safer-buffer: 2.1.2
    dev: false

  /idb-keyval@6.2.1:
    resolution:
      {
        integrity: sha512-8Sb3veuYCyrZL+VBt9LJfZjLUPWVvqn8tG28VqYNFCo43KHcKuq+b4EiXGeuaLAQWL2YmyDgMp2aSpH9JHsEQg==,
      }
    dev: false

  /ignore@5.3.1:
    resolution:
      {
        integrity: sha512-5Fytz/IraMjqpwfd34ke28PTVMjZjJG2MPn5t7OE4eUCUNf8BAa7b5WUS9/Qvr6mwOQS7Mk6vdsMno5he+T8Xw==,
      }
    engines: { node: '>= 4' }
    dev: true

  /inherits@2.0.4:
    resolution:
      {
        integrity: sha512-k/vGaX4/Yla3WzyMCvTQOXYeIHvqOKtnqBduzTHpzpQZzAskKMhZ2K+EnBiSM9zGSoIFeMpXKxa4dYeZIQqewQ==,
      }
    dev: false

  /install@0.13.0:
    resolution:
      {
        integrity: sha512-zDml/jzr2PKU9I8J/xyZBQn8rPCAY//UOYNmR01XwNwyfhEWObo2SWfSl1+0tm1u6PhxLwDnfsT/6jB7OUxqFA==,
      }
    engines: { node: '>= 0.10' }
    dev: false

  /is-binary-path@2.1.0:
    resolution:
      {
        integrity: sha512-ZMERYes6pDydyuGidse7OsHxtbI7WVeUEozgR/g7rd0xUimYNlvZRE/K2MgZTjWy725IfelLeVcEM97mmtRGXw==,
      }
    engines: { node: '>=8' }
    dependencies:
      binary-extensions: 2.3.0
    dev: true

  /is-extglob@2.1.1:
    resolution:
      {
        integrity: sha512-SbKbANkN603Vi4jEZv49LeVJMn4yGwsbzZworEoyEiutsN3nJYdbO36zfhGJ6QEDpOZIFkDtnq5JRxmvl3jsoQ==,
      }
    engines: { node: '>=0.10.0' }
    dev: true

  /is-glob@4.0.3:
    resolution:
      {
        integrity: sha512-xelSayHH36ZgE7ZWhli7pW34hNbNl8Ojv5KVmkJD4hBdD3th8Tfk9vYasLM+mXWOZhFkgZfxhLSnrwRr4elSSg==,
      }
    engines: { node: '>=0.10.0' }
    dependencies:
      is-extglob: 2.1.1
    dev: true

  /is-number@7.0.0:
    resolution:
      {
        integrity: sha512-41Cifkg6e8TylSpdtTpeLVMqvSBEVzTttHvERD741+pnZ8ANv0004MRL43QKPDlK9cGvNp6NZWZUBlbGXYxxng==,
      }
    engines: { node: '>=0.12.0' }
    dev: true

  /is-wsl@1.1.0:
    resolution:
      {
        integrity: sha512-gfygJYZ2gLTDlmbWMI0CE2MwnFzSN/2SZfkMlItC4K/JBlsWVDB0bO6XhqcY13YXE7iMcAJnzTCJjPiTeJJ0Mw==,
      }
    engines: { node: '>=4' }
    dev: false

  /isarray@1.0.0:
    resolution:
      {
        integrity: sha512-VLghIWNM6ELQzo7zwmcg0NmTVyWKYjvIeM83yjp0wRDTmUnrM678fQbcKBo6n2CJEF0szoG//ytg+TKla89ALQ==,
      }
    dev: false

  /isexe@2.0.0:
    resolution:
      {
        integrity: sha512-RHxMLp9lnKHGHRng9QFhRCMbYAcVpn69smSGcq3f36xjgVVWThj4qqLbTLlq7Ssj8B+fIQ1EuCEGI2lKsyQeIw==,
      }
    dev: true

  /kdbush@3.0.0:
    resolution:
      {
        integrity: sha512-hRkd6/XW4HTsA9vjVpY9tuXJYLSlelnkTmVFu4M9/7MIYQtFcHpbugAU7UbOfjOiVSVYl2fqgBuJ32JUmRo5Ew==,
      }
    dev: false

  /keygrip@1.1.0:
    resolution:
      {
        integrity: sha512-iYSchDJ+liQ8iwbSI2QqsQOvqv58eJCEanyJPJi+Khyu8smkcKSFUCbPwzFcL7YVtZ6eONjqRX/38caJ7QjRAQ==,
      }
    engines: { node: '>= 0.6' }
    dependencies:
      tsscmp: 1.0.6
    dev: false

  /leaflet@1.9.4:
    resolution:
      {
        integrity: sha512-nxS1ynzJOmOlHp+iL3FyWqK89GtNL8U8rvlMOsQdTTssxZwCXh8N2NB3GDQOL+YR3XnWyZAxwQixURb+FA74PA==,
      }
    dev: false

  /mapshaper@0.6.74(@types/geojson@7946.0.14):
    resolution:
      {
        integrity: sha512-oEuXX0dWAjSoQ8NfnzLYHJ7SGZSUWn1iFfM3xcvBgvugtkkczSeq1qip3gDt0G4fXt+ia4uEc8EfjNQLD5rhIg==,
      }
    engines: { node: '>=12.0.0' }
    hasBin: true
    dependencies:
      '@placemarkio/tokml': 0.3.3
      '@tmcw/togeojson': 5.8.1(@types/geojson@7946.0.14)
      '@xmldom/xmldom': 0.8.10
      adm-zip: 0.5.12
      commander: 7.0.0
      cookies: 0.8.0
      d3-color: 3.1.0
      d3-interpolate: 3.0.1
      d3-scale-chromatic: 3.0.0
      delaunator: 5.0.1
      fflate: 0.7.4
      flatbush: 3.3.1
      geokdbush: 1.1.0
      iconv-lite: 0.6.3
      idb-keyval: 6.2.1
      kdbush: 3.0.0
      mproj: 0.0.37
      msgpackr: 1.10.1
      opn: 5.5.0
      rw: 1.3.3
      sync-request: 5.0.0
      tinyqueue: 2.0.3
    transitivePeerDependencies:
      - '@types/geojson'
    dev: false

  /mime-db@1.52.0:
    resolution:
      {
        integrity: sha512-sPU4uV7dYlvtWJxwwxHD0PuihVNiE7TyAbQ5SWxDCB9mUYvOgroQOwYQQOKPJ8CIbE+1ETVlOoK1UC2nU3gYvg==,
      }
    engines: { node: '>= 0.6' }
    dev: false

  /mime-types@2.1.35:
    resolution:
      {
        integrity: sha512-ZDY+bPm5zTTF+YpCrAU9nK0UgICYPT0QtT1NZWFv4s++TNkcgVaT0g6+4R2uI4MjQjzysHB1zxuWL50hzaeXiw==,
      }
    engines: { node: '>= 0.6' }
    dependencies:
      mime-db: 1.52.0
    dev: false

  /mproj@0.0.37:
    resolution:
      {
        integrity: sha512-UtLQa2UyFQJuwqpLWd6TF3xYNE7nGTQWvwtXHBdpEAn8F/QHP1yTjqvo2CaQem9LcSQoiZLCHP1fRU4uCWzBVw==,
      }
    engines: { node: '>=0.12.0' }
    hasBin: true
    dependencies:
      geographiclib: 1.48.0
      rw: 1.3.3
    dev: false

  /msgpackr-extract@3.0.2:
    resolution:
      {
        integrity: sha512-SdzXp4kD/Qf8agZ9+iTu6eql0m3kWm1A2y1hkpTeVNENutaB0BwHlSvAIaMxwntmRUAUjon2V4L8Z/njd0Ct8A==,
      }
    hasBin: true
    requiresBuild: true
    dependencies:
      node-gyp-build-optional-packages: 5.0.7
    optionalDependencies:
      '@msgpackr-extract/msgpackr-extract-darwin-arm64': 3.0.2
      '@msgpackr-extract/msgpackr-extract-darwin-x64': 3.0.2
      '@msgpackr-extract/msgpackr-extract-linux-arm': 3.0.2
      '@msgpackr-extract/msgpackr-extract-linux-arm64': 3.0.2
      '@msgpackr-extract/msgpackr-extract-linux-x64': 3.0.2
      '@msgpackr-extract/msgpackr-extract-win32-x64': 3.0.2
    dev: false
    optional: true

  /msgpackr@1.10.1:
    resolution:
      {
        integrity: sha512-r5VRLv9qouXuLiIBrLpl2d5ZvPt8svdQTl5/vMvE4nzDMyEX4sgW5yWhuBBj5UmgwOTWj8CIdSXn5sAfsHAWIQ==,
      }
    optionalDependencies:
      msgpackr-extract: 3.0.2
    dev: false

  /nanoid@3.3.7:
    resolution:
      {
        integrity: sha512-eSRppjcPIatRIMC1U6UngP8XFcz8MQWGQdt1MTBQ7NaAmvXDfvNxbvWV3x2y6CdEUciCSsDHDQZbhYaB8QEo2g==,
      }
    engines: { node: ^10 || ^12 || ^13.7 || ^14 || >=15.0.1 }
    hasBin: true
    dev: true

  /node-gyp-build-optional-packages@5.0.7:
    resolution:
      {
        integrity: sha512-YlCCc6Wffkx0kHkmam79GKvDQ6x+QZkMjFGrIMxgFNILFvGSbCp2fCBC55pGTT9gVaz8Na5CLmxt/urtzRv36w==,
      }
    hasBin: true
    requiresBuild: true
    dev: false
    optional: true

  /normalize-path@3.0.0:
    resolution:
      {
        integrity: sha512-6eZs5Ls3WtCisHWp9S2GUy8dqkpGi4BVSz3GaqiE6ezub0512ESztXUwUB6C6IKbQkY2Pnb/mD4WYojCRwcwLA==,
      }
    engines: { node: '>=0.10.0' }
    dev: true

  /object-inspect@1.13.1:
    resolution:
      {
        integrity: sha512-5qoj1RUiKOMsCCNLV1CBiPYE10sziTsnmNxkAI/rZhiD63CF7IqdFGC/XzjWjpSgLf0LxXX3bDFIh0E18f6UhQ==,
      }
    dev: false

  /onchange@7.1.0:
    resolution:
      {
        integrity: sha512-ZJcqsPiWUAUpvmnJri5TPBooqJOPmC0ttN65juhN15Q8xA+Nbg3BaxBHXQ45EistKKlKElb0edmbPWnKSBkvMg==,
      }
    hasBin: true
    dependencies:
      '@blakeembrey/deque': 1.0.5
      '@blakeembrey/template': 1.1.0
      arg: 4.1.3
      chokidar: 3.6.0
      cross-spawn: 7.0.3
      ignore: 5.3.1
      tree-kill: 1.2.2
    dev: true

  /opn@5.5.0:
    resolution:
      {
        integrity: sha512-PqHpggC9bLV0VeWcdKhkpxY+3JTzetLSqTCWL/z/tFIbI6G8JCjondXklT1JinczLz2Xib62sSp0T/gKT4KksA==,
      }
    engines: { node: '>=4' }
    dependencies:
      is-wsl: 1.1.0
    dev: false

  /papaparse@5.4.1:
    resolution:
      {
        integrity: sha512-HipMsgJkZu8br23pW15uvo6sib6wne/4woLZPlFf3rpDyMe9ywEXUsuD7+6K9PRkJlVT51j/sCOYDKGGS3ZJrw==,
      }
    dev: false

  /parse-cache-control@1.0.1:
    resolution:
      {
        integrity: sha512-60zvsJReQPX5/QP0Kzfd/VrpjScIQ7SHBW6bFCYfEP+fp0Eppr1SHhIO5nd1PjZtvclzSzES9D/p5nFJurwfWg==,
      }
    dev: false

  /path-key@3.1.1:
    resolution:
      {
        integrity: sha512-ojmeN0qd+y0jszEtoY48r0Peq5dwMEkIlCOu6Q5f41lfkswXuKtYrhgoTpLnyIcHm24Uhqx+5Tqm2InSwLhE6Q==,
      }
    engines: { node: '>=8' }
    dev: true

  /picocolors@1.0.0:
    resolution:
      {
        integrity: sha512-1fygroTLlHu66zi26VoTDv8yRgm0Fccecssto+MhsZ0D/DGW2sm8E8AjW7NU5VVTRt5GxbeZ5qBuJr+HyLYkjQ==,
      }
    dev: true

  /picomatch@2.3.1:
    resolution:
      {
        integrity: sha512-JU3teHTNjmE2VCGFzuY8EXzCDVwEqB2a8fsIvwaStHhAWJEeVd1o1QD80CU6+ZdEXXSLbSsuLwJjkCBWqRQUVA==,
      }
    engines: { node: '>=8.6' }
    dev: true

  /postcss@8.4.35:
    resolution:
      {
        integrity: sha512-u5U8qYpBCpN13BsiEB0CbR1Hhh4Gc0zLFuedrHJKMctHCHAGrMdG0PRM/KErzAL3CU6/eckEtmHNB3x6e3c0vA==,
      }
    engines: { node: ^10 || ^12 || >=14 }
    dependencies:
      nanoid: 3.3.7
      picocolors: 1.0.0
      source-map-js: 1.0.2
    dev: true

  /prettier@3.2.5:
    resolution:
      {
        integrity: sha512-3/GWa9aOC0YeD7LUfvOG2NiDyhOWRvt1k+rcKhOuYnMY24iiCphgneUfJDyFXd6rZCAnuLBv6UeAULtrhT/F4A==,
      }
    engines: { node: '>=14' }
    hasBin: true
    dev: true

  /process-nextick-args@2.0.1:
    resolution:
      {
        integrity: sha512-3ouUOpQhtgrbOa17J7+uxOTpITYWaGP7/AhoR3+A+/1e9skrzelGi/dXzEYyvbxubEF6Wn2ypscTKiKJFFn1ag==,
      }
    dev: false

  /promise@8.3.0:
    resolution:
      {
        integrity: sha512-rZPNPKTOYVNEEKFaq1HqTgOwZD+4/YHS5ukLzQCypkj+OkYx7iv0mA91lJlpPPZ8vMau3IIGj5Qlwrx+8iiSmg==,
      }
    dependencies:
      asap: 2.0.6
    dev: false

  /qs@6.12.0:
    resolution:
      {
        integrity: sha512-trVZiI6RMOkO476zLGaBIzszOdFPnCCXHPG9kn0yuS1uz6xdVxPfZdB3vUig9pxPFDM9BRAgz/YUIVQ1/vuiUg==,
      }
    engines: { node: '>=0.6' }
    dependencies:
      side-channel: 1.0.6
    dev: false

  /readable-stream@2.3.8:
    resolution:
      {
        integrity: sha512-8p0AUk4XODgIewSi0l8Epjs+EVnWiK7NoDIEGU0HhE7+ZyY8D1IMY7odu5lRrFXGg71L15KG8QrPmum45RTtdA==,
      }
    dependencies:
      core-util-is: 1.0.3
      inherits: 2.0.4
      isarray: 1.0.0
      process-nextick-args: 2.0.1
      safe-buffer: 5.1.2
      string_decoder: 1.1.1
      util-deprecate: 1.0.2
    dev: false

  /readdirp@3.6.0:
    resolution:
      {
        integrity: sha512-hOS089on8RduqdbhvQ5Z37A0ESjsqz6qnRcffsMU3495FuTdqSm+7bhJ29JvIOsBDEEnan5DPu9t3To9VRlMzA==,
      }
    engines: { node: '>=8.10.0' }
    dependencies:
      picomatch: 2.3.1
    dev: true

  /robust-predicates@3.0.2:
    resolution:
      {
        integrity: sha512-IXgzBWvWQwE6PrDI05OvmXUIruQTcoMDzRsOd5CDvHCVLcLHMTSYvOK5Cm46kWqlV3yAbuSpBZdJ5oP5OUoStg==,
      }
    dev: false

  /rollup@4.13.0:
    resolution:
      {
        integrity: sha512-3YegKemjoQnYKmsBlOHfMLVPPA5xLkQ8MHLLSw/fBrFaVkEayL51DilPpNNLq1exr98F2B1TzrV0FUlN3gWRPg==,
      }
    engines: { node: '>=18.0.0', npm: '>=8.0.0' }
    hasBin: true
    dependencies:
      '@types/estree': 1.0.5
    optionalDependencies:
      '@rollup/rollup-android-arm-eabi': 4.13.0
      '@rollup/rollup-android-arm64': 4.13.0
      '@rollup/rollup-darwin-arm64': 4.13.0
      '@rollup/rollup-darwin-x64': 4.13.0
      '@rollup/rollup-linux-arm-gnueabihf': 4.13.0
      '@rollup/rollup-linux-arm64-gnu': 4.13.0
      '@rollup/rollup-linux-arm64-musl': 4.13.0
      '@rollup/rollup-linux-riscv64-gnu': 4.13.0
      '@rollup/rollup-linux-x64-gnu': 4.13.0
      '@rollup/rollup-linux-x64-musl': 4.13.0
      '@rollup/rollup-win32-arm64-msvc': 4.13.0
      '@rollup/rollup-win32-ia32-msvc': 4.13.0
      '@rollup/rollup-win32-x64-msvc': 4.13.0
      fsevents: 2.3.3
    dev: true

  /rw@1.3.3:
    resolution:
      {
        integrity: sha512-PdhdWy89SiZogBLaw42zdeqtRJ//zFd2PgQavcICDUgJT5oW10QCRKbJ6bg4r0/UY2M6BWd5tkxuGFRvCkgfHQ==,
      }
    dev: false

  /safe-buffer@5.1.2:
    resolution:
      {
        integrity: sha512-Gd2UZBJDkXlY7GbJxfsE8/nvKkUEU1G38c1siN6QP6a9PT9MmHB8GnpscSmMJSoF8LOIrt8ud/wPtojys4G6+g==,
      }
    dev: false

  /safer-buffer@2.1.2:
    resolution:
      {
        integrity: sha512-YZo3K82SD7Riyi0E1EQPojLz7kpepnSQI9IyPbHHg1XXXevb5dJI7tpyN2ADxGcQbHG7vcyRHk0cbwqcQriUtg==,
      }
    dev: false

  /set-function-length@1.2.2:
    resolution:
      {
        integrity: sha512-pgRc4hJ4/sNjWCSS9AmnS40x3bNMDTknHgL5UaMBTMyJnU90EgWh1Rz+MC9eFu4BuN/UwZjKQuY/1v3rM7HMfg==,
      }
    engines: { node: '>= 0.4' }
    dependencies:
      define-data-property: 1.1.4
      es-errors: 1.3.0
      function-bind: 1.1.2
      get-intrinsic: 1.2.4
      gopd: 1.0.1
      has-property-descriptors: 1.0.2
    dev: false

  /shebang-command@2.0.0:
    resolution:
      {
        integrity: sha512-kHxr2zZpYtdmrN1qDjrrX/Z1rR1kG8Dx+gkpK1G4eXmvXswmcE1hTWBWYUzlraYw1/yZp6YuDY77YtvbN0dmDA==,
      }
    engines: { node: '>=8' }
    dependencies:
      shebang-regex: 3.0.0
    dev: true

  /shebang-regex@3.0.0:
    resolution:
      {
        integrity: sha512-7++dFhtcx3353uBaq8DDR4NuxBetBzC7ZQOhmTQInHEd6bSrXdiEyzCvG07Z44UYdLShWUyXt5M/yhz8ekcb1A==,
      }
    engines: { node: '>=8' }
    dev: true

  /side-channel@1.0.6:
    resolution:
      {
        integrity: sha512-fDW/EZ6Q9RiO8eFG8Hj+7u/oW+XrPTIChwCOM2+th2A6OblDtYYIpve9m+KvI9Z4C9qSEXlaGR6bTEYHReuglA==,
      }
    engines: { node: '>= 0.4' }
    dependencies:
      call-bind: 1.0.7
      es-errors: 1.3.0
      get-intrinsic: 1.2.4
      object-inspect: 1.13.1
    dev: false

  /source-map-js@1.0.2:
    resolution:
      {
        integrity: sha512-R0XvVJ9WusLiqTCEiGCmICCMplcCkIwwR11mOSD9CR5u+IXYdiseeEuXCVAjS54zqwkLcPNnmU4OeJ6tUrWhDw==,
      }
    engines: { node: '>=0.10.0' }
    dev: true

  /string_decoder@1.1.1:
    resolution:
      {
        integrity: sha512-n/ShnvDi6FHbbVfviro+WojiFzv+s8MPMHBczVePfUpDJLwoLT0ht1l4YwBCbi8pJAveEEdnkHyPyTP/mzRfwg==,
      }
    dependencies:
      safe-buffer: 5.1.2
    dev: false

  /sync-request@5.0.0:
    resolution:
      {
        integrity: sha512-NKhEA4WacR3mRBIFz1niXrIUTrUVFtP2spzrLMINangebvJ/EFyVv+LMJKvVl6UIrJM4Fburnnj91lRnqb4WkA==,
      }
    dependencies:
      http-response-object: 3.0.2
      sync-rpc: 1.3.6
      then-request: 5.0.0
    dev: false

  /sync-rpc@1.3.6:
    resolution:
      {
        integrity: sha512-J8jTXuZzRlvU7HemDgHi3pGnh/rkoqR/OZSjhTyyZrEkkYQbk7Z33AXp37mkPfPpfdOuj7Ex3H/TJM1z48uPQw==,
      }
    dependencies:
      get-port: 3.2.0
    dev: false

  /then-request@5.0.0:
    resolution:
      {
        integrity: sha512-A3uIVLD33SAvB10PfsxLuQBMV8GVC/6xKBMPOvkJchi6251e5AMJ+Yy+RVKsVsnj0iYNhN2E5SkNSi58H19wsw==,
      }
    dependencies:
      '@types/concat-stream': 1.6.1
      '@types/form-data': 0.0.33
      '@types/node': 8.10.66
      '@types/qs': 6.9.13
      caseless: 0.12.0
      concat-stream: 1.6.2
      form-data: 2.5.1
      http-basic: 6.0.0
      http-response-object: 3.0.2
      promise: 8.3.0
      qs: 6.12.0
    dev: false

  /tinyqueue@1.2.3:
    resolution:
      {
        integrity: sha512-Qz9RgWuO9l8lT+Y9xvbzhPT2efIUIFd69N7eF7tJ9lnQl0iLj1M7peK7IoUGZL9DJHw9XftqLreccfxcQgYLxA==,
      }
    dev: false

  /tinyqueue@2.0.3:
    resolution:
      {
        integrity: sha512-ppJZNDuKGgxzkHihX8v9v9G5f+18gzaTfrukGrq6ueg0lmH4nqVnA2IPG0AEH3jKEk2GRJCUhDoqpoiw3PHLBA==,
      }
    dev: false

  /to-regex-range@5.0.1:
    resolution:
      {
        integrity: sha512-65P7iz6X5yEr1cwcgvQxbbIw7Uk3gOy5dIdtZ4rDveLqhrdJP+Li/Hx6tyK0NEb+2GCyneCMJiGqrADCSNk8sQ==,
      }
    engines: { node: '>=8.0' }
    dependencies:
      is-number: 7.0.0
    dev: true

  /tree-kill@1.2.2:
    resolution:
      {
        integrity: sha512-L0Orpi8qGpRG//Nd+H90vFB+3iHnue1zSSGmNOOCh1GLJ7rUKVwV2HvijphGQS2UmhUZewS9VgvxYIdgr+fG1A==,
      }
    hasBin: true
    dev: true

  /tsscmp@1.0.6:
    resolution:
      {
        integrity: sha512-LxhtAkPDTkVCMQjt2h6eBVY28KCjikZqZfMcC15YBeNjkgUpdCfBu5HoiOTDu86v6smE8yOjyEktJ8hlbANHQA==,
      }
    engines: { node: '>=0.6.x' }
    dev: false

  /typedarray@0.0.6:
    resolution:
      {
        integrity: sha512-/aCDEGatGvZ2BIk+HmLf4ifCJFwvKFNb9/JeZPMulfgFracn9QFcAf5GO8B/mweUjSoblS5In0cWhqpfs/5PQA==,
      }
    dev: false

  /typescript@5.4.2:
    resolution:
      {
        integrity: sha512-+2/g0Fds1ERlP6JsakQQDXjZdZMM+rqpamFZJEKh4kwTIn3iDkgKtby0CeNd5ATNZ4Ry1ax15TMx0W2V+miizQ==,
      }
    engines: { node: '>=14.17' }
    hasBin: true
    dev: true

  /undici-types@5.26.5:
    resolution:
      {
        integrity: sha512-JlCMO+ehdEIKqlFxk6IfVoAUVmgz7cU7zD/h9XZ0qzeosSHmUJVOzSQvvYSYWXkFXC+IfLKSIffhv0sVZup6pA==,
      }
    dev: false

  /util-deprecate@1.0.2:
    resolution:
      {
        integrity: sha512-EPD5q1uXyFxJpCrLnCc1nHnq3gOa6DZBocAIiI2TaSCA7VCJ1UJDMagCzIkXNsUYfD1daK//LTEQ8xiIbrHtcw==,
      }
    dev: false

  /vite@5.1.6:
    resolution:
      {
        integrity: sha512-yYIAZs9nVfRJ/AiOLCA91zzhjsHUgMjB+EigzFb6W2XTLO8JixBCKCjvhKZaye+NKYHCrkv3Oh50dH9EdLU2RA==,
      }
    engines: { node: ^18.0.0 || >=20.0.0 }
    hasBin: true
    peerDependencies:
      '@types/node': ^18.0.0 || >=20.0.0
      less: '*'
      lightningcss: ^1.21.0
      sass: '*'
      stylus: '*'
      sugarss: '*'
      terser: ^5.4.0
    peerDependenciesMeta:
      '@types/node':
        optional: true
      less:
        optional: true
      lightningcss:
        optional: true
      sass:
        optional: true
      stylus:
        optional: true
      sugarss:
        optional: true
      terser:
        optional: true
    dependencies:
      esbuild: 0.19.12
      postcss: 8.4.35
      rollup: 4.13.0
    optionalDependencies:
      fsevents: 2.3.3
    dev: true

  /which@2.0.2:
    resolution:
      {
        integrity: sha512-BLI3Tl1TW3Pvl70l3yq3Y64i+awpwXqsGBYWkkqMtnbXgrMD+yj7rhW0kuEDxzJaYXGjEW5ogapKNMEKNMjibA==,
      }
    engines: { node: '>= 8' }
    hasBin: true
    dependencies:
      isexe: 2.0.0
    dev: true
